
Microsoft Visual Studio Solution File, Format Version 12.00
# Visual Studio Version 17
VisualStudioVersion = 17.1.32228.430
MinimumVisualStudioVersion = 10.0.40219.1
Project("{FAE04EC0-301F-11D3-BF4B-00C04F79EFBC}") = "Linq-to-Jason", "Linq-to-Jason.csproj", "{2CB520C7-31D7-4E51-BF04-74712A406C9C}"
EndProject
Global
	GlobalSection(SolutionConfigurationPlatforms) = preSolution
		Debug|Any CPU = Debug|Any CPU
		Release|Any CPU = Release|Any CPU
	EndGlobalSection
	GlobalSection(ProjectConfigurationPlatforms) = postSolution
		{2CB520C7-31D7-4E51-BF04-74712A406C9C}.Debug|Any CPU.ActiveCfg = Debug|Any CPU
		{2CB520C7-31D7-4E51-BF04-74712A406C9C}.Debug|Any CPU.Build.0 = Debug|Any CPU
		{2CB520C7-31D7-4E51-BF04-74712A406C9C}.Release|Any CPU.ActiveCfg = Release|Any CPU
		{2CB520C7-31D7-4E51-BF04-74712A406C9C}.Release|Any CPU.Build.0 = Release|Any CPU
	EndGlobalSection
	GlobalSection(SolutionProperties) = preSolution
		HideSolutionNode = FALSE
	EndGlobalSection
	GlobalSection(ExtensibilityGlobals) = postSolution
		SolutionGuid = {AA08D670-60F2-4687-AC48-D12AE666EA7D}
	EndGlobalSection
EndGlobal
